
Microsoft Visual Studio Solution File, Format Version 12.00
# Visual Studio Version 17
VisualStudioVersion = 17.10.34928.147
MinimumVisualStudioVersion = 10.0.40219.1
Project("{FAE04EC0-301F-11D3-BF4B-00C04F79EFBC}") = "EmployeeManagementSystem", "EmployeeManagementSystem\EmployeeManagementSystem.csproj", "{891FCBAD-7DB9-4DFF-8400-1677903CCEEB}"
EndProject
Global
	GlobalSection(SolutionConfigurationPlatforms) = preSolution
		Debug|Any CPU = Debug|Any CPU
		Release|Any CPU = Release|Any CPU
	EndGlobalSection
	GlobalSection(ProjectConfigurationPlatforms) = postSolution
		{891FCBAD-7DB9-4DFF-8400-1677903CCEEB}.Debug|Any CPU.ActiveCfg = Debug|Any CPU
		{891FCBAD-7DB9-4DFF-8400-1677903CCEEB}.Debug|Any CPU.Build.0 = Debug|Any CPU
		{891FCBAD-7DB9-4DFF-8400-1677903CCEEB}.Release|Any CPU.ActiveCfg = Release|Any CPU
		{891FCBAD-7DB9-4DFF-8400-1677903CCEEB}.Release|Any CPU.Build.0 = Release|Any CPU
	EndGlobalSection
	GlobalSection(SolutionProperties) = preSolution
		HideSolutionNode = FALSE
	EndGlobalSection
	GlobalSection(ExtensibilityGlobals) = postSolution
		SolutionGuid = {FC281A27-B5B5-45E2-8487-EF1473F6611C}
	EndGlobalSection
EndGlobal
